
Microsoft Visual Studio Solution File, Format Version 12.00
# Visual Studio Version 17
VisualStudioVersion = 17.3.32825.248
MinimumVisualStudioVersion = 10.0.40219.1
Project("{FAE04EC0-301F-11D3-BF4B-00C04F79EFBC}") = "Chow_Patty_HW2", "Chow_Patty_HW2.csproj", "{114964A0-4034-475C-992C-F8F174C5E66E}"
EndProject
Global
	GlobalSection(SolutionConfigurationPlatforms) = preSolution
		Debug|Any CPU = Debug|Any CPU
		Release|Any CPU = Release|Any CPU
	EndGlobalSection
	GlobalSection(ProjectConfigurationPlatforms) = postSolution
		{114964A0-4034-475C-992C-F8F174C5E66E}.Debug|Any CPU.ActiveCfg = Debug|Any CPU
		{114964A0-4034-475C-992C-F8F174C5E66E}.Debug|Any CPU.Build.0 = Debug|Any CPU
		{114964A0-4034-475C-992C-F8F174C5E66E}.Release|Any CPU.ActiveCfg = Release|Any CPU
		{114964A0-4034-475C-992C-F8F174C5E66E}.Release|Any CPU.Build.0 = Release|Any CPU
	EndGlobalSection
	GlobalSection(SolutionProperties) = preSolution
		HideSolutionNode = FALSE
	EndGlobalSection
	GlobalSection(ExtensibilityGlobals) = postSolution
		SolutionGuid = {A070FEF1-B8EC-4669-82C9-1DDD2FABFBEE}
	EndGlobalSection
EndGlobal
